
Microsoft Visual Studio Solution File, Format Version 12.00
# Visual Studio 14
VisualStudioVersion = 14.0.25420.1
MinimumVisualStudioVersion = 10.0.40219.1
Project("{FAE04EC0-301F-11D3-BF4B-00C04F79EFBC}") = "SabreAPI", "SabreAPI\SabreAPI.csproj", "{316CDD47-1206-47BA-9537-9A6CF9E6F689}"
EndProject
Project("{FAE04EC0-301F-11D3-BF4B-00C04F79EFBC}") = "Tester", "Tester\Tester.csproj", "{45D7D1FA-DEFF-4354-8D99-D4DCC99E045F}"
EndProject
Global
	GlobalSection(SolutionConfigurationPlatforms) = preSolution
		Debug|Any CPU = Debug|Any CPU
		Release|Any CPU = Release|Any CPU
	EndGlobalSection
	GlobalSection(ProjectConfigurationPlatforms) = postSolution
		{316CDD47-1206-47BA-9537-9A6CF9E6F689}.Debug|Any CPU.ActiveCfg = Debug|Any CPU
		{316CDD47-1206-47BA-9537-9A6CF9E6F689}.Debug|Any CPU.Build.0 = Debug|Any CPU
		{316CDD47-1206-47BA-9537-9A6CF9E6F689}.Release|Any CPU.ActiveCfg = Release|Any CPU
		{316CDD47-1206-47BA-9537-9A6CF9E6F689}.Release|Any CPU.Build.0 = Release|Any CPU
		{45D7D1FA-DEFF-4354-8D99-D4DCC99E045F}.Debug|Any CPU.ActiveCfg = Debug|Any CPU
		{45D7D1FA-DEFF-4354-8D99-D4DCC99E045F}.Debug|Any CPU.Build.0 = Debug|Any CPU
		{45D7D1FA-DEFF-4354-8D99-D4DCC99E045F}.Release|Any CPU.ActiveCfg = Release|Any CPU
		{45D7D1FA-DEFF-4354-8D99-D4DCC99E045F}.Release|Any CPU.Build.0 = Release|Any CPU
	EndGlobalSection
	GlobalSection(SolutionProperties) = preSolution
		HideSolutionNode = FALSE
	EndGlobalSection
EndGlobal
